
Microsoft Visual Studio Solution File, Format Version 12.00
# Visual Studio Version 16
VisualStudioVersion = 16.0.31019.35
MinimumVisualStudioVersion = 10.0.40219.1
Project("{FAE04EC0-301F-11D3-BF4B-00C04F79EFBC}") = "VolumeControl", "VolumeControl\VolumeControl.csproj", "{A6D36781-05D8-4AF4-9E74-3B608D5F7092}"
EndProject
Project("{FAE04EC0-301F-11D3-BF4B-00C04F79EFBC}") = "VolumeControl.ViewModel", "VolumeControl.ViewModel\VolumeControl.ViewModel.csproj", "{C18C9838-1861-4A00-B4B3-994BE0E98A4B}"
EndProject
Project("{FAE04EC0-301F-11D3-BF4B-00C04F79EFBC}") = "VolumeControl.Console", "VolumeControl.Console\VolumeControl.Console.csproj", "{F142D159-F420-41B1-AE54-28F874EA7BA5}"
EndProject
Project("{FAE04EC0-301F-11D3-BF4B-00C04F79EFBC}") = "VolumeControl.Service", "VolumeControl.Service\VolumeControl.Service.csproj", "{62FBC6D9-F3B4-4D32-A2B9-7A42532F7934}"
EndProject
Global
	GlobalSection(SolutionConfigurationPlatforms) = preSolution
		Debug|Any CPU = Debug|Any CPU
		Release|Any CPU = Release|Any CPU
	EndGlobalSection
	GlobalSection(ProjectConfigurationPlatforms) = postSolution
		{A6D36781-05D8-4AF4-9E74-3B608D5F7092}.Debug|Any CPU.ActiveCfg = Debug|Any CPU
		{A6D36781-05D8-4AF4-9E74-3B608D5F7092}.Debug|Any CPU.Build.0 = Debug|Any CPU
		{A6D36781-05D8-4AF4-9E74-3B608D5F7092}.Release|Any CPU.ActiveCfg = Release|Any CPU
		{A6D36781-05D8-4AF4-9E74-3B608D5F7092}.Release|Any CPU.Build.0 = Release|Any CPU
		{C18C9838-1861-4A00-B4B3-994BE0E98A4B}.Debug|Any CPU.ActiveCfg = Debug|Any CPU
		{C18C9838-1861-4A00-B4B3-994BE0E98A4B}.Debug|Any CPU.Build.0 = Debug|Any CPU
		{C18C9838-1861-4A00-B4B3-994BE0E98A4B}.Release|Any CPU.ActiveCfg = Release|Any CPU
		{C18C9838-1861-4A00-B4B3-994BE0E98A4B}.Release|Any CPU.Build.0 = Release|Any CPU
		{F142D159-F420-41B1-AE54-28F874EA7BA5}.Debug|Any CPU.ActiveCfg = Debug|Any CPU
		{F142D159-F420-41B1-AE54-28F874EA7BA5}.Debug|Any CPU.Build.0 = Debug|Any CPU
		{F142D159-F420-41B1-AE54-28F874EA7BA5}.Release|Any CPU.ActiveCfg = Release|Any CPU
		{F142D159-F420-41B1-AE54-28F874EA7BA5}.Release|Any CPU.Build.0 = Release|Any CPU
		{62FBC6D9-F3B4-4D32-A2B9-7A42532F7934}.Debug|Any CPU.ActiveCfg = Debug|Any CPU
		{62FBC6D9-F3B4-4D32-A2B9-7A42532F7934}.Debug|Any CPU.Build.0 = Debug|Any CPU
		{62FBC6D9-F3B4-4D32-A2B9-7A42532F7934}.Release|Any CPU.ActiveCfg = Release|Any CPU
		{62FBC6D9-F3B4-4D32-A2B9-7A42532F7934}.Release|Any CPU.Build.0 = Release|Any CPU
	EndGlobalSection
	GlobalSection(SolutionProperties) = preSolution
		HideSolutionNode = FALSE
	EndGlobalSection
	GlobalSection(ExtensibilityGlobals) = postSolution
		SolutionGuid = {497CE001-B951-4882-B2FC-CE9009587813}
	EndGlobalSection
EndGlobal
